
Microsoft Visual Studio Solution File, Format Version 12.00
# Visual Studio Version 17
VisualStudioVersion = 17.9.34616.47
MinimumVisualStudioVersion = 10.0.40219.1
Project("{FAE04EC0-301F-11D3-BF4B-00C04F79EFBC}") = "SIREMA", "SIREMA\SIREMA.csproj", "{75E45920-0F43-47A3-B32C-61260C8BA69B}"
EndProject
Global
	GlobalSection(SolutionConfigurationPlatforms) = preSolution
		Debug|Any CPU = Debug|Any CPU
		Release|Any CPU = Release|Any CPU
	EndGlobalSection
	GlobalSection(ProjectConfigurationPlatforms) = postSolution
		{75E45920-0F43-47A3-B32C-61260C8BA69B}.Debug|Any CPU.ActiveCfg = Debug|Any CPU
		{75E45920-0F43-47A3-B32C-61260C8BA69B}.Debug|Any CPU.Build.0 = Debug|Any CPU
		{75E45920-0F43-47A3-B32C-61260C8BA69B}.Release|Any CPU.ActiveCfg = Release|Any CPU
		{75E45920-0F43-47A3-B32C-61260C8BA69B}.Release|Any CPU.Build.0 = Release|Any CPU
	EndGlobalSection
	GlobalSection(SolutionProperties) = preSolution
		HideSolutionNode = FALSE
	EndGlobalSection
	GlobalSection(ExtensibilityGlobals) = postSolution
		SolutionGuid = {62DF6191-D0CE-4B43-836D-F78B95940121}
	EndGlobalSection
EndGlobal
